
Microsoft Visual Studio Solution File, Format Version 12.00
# Visual Studio Version 17
VisualStudioVersion = 17.1.32421.90
MinimumVisualStudioVersion = 10.0.40219.1
Project("{FAE04EC0-301F-11D3-BF4B-00C04F79EFBC}") = "Contato.Domain", "Agenda\Contato.Domain.csproj", "{C10504EA-570B-4A31-9D2D-DB4316358997}"
EndProject
Project("{FAE04EC0-301F-11D3-BF4B-00C04F79EFBC}") = "Contato.DAO", "Contato.DAO\Contato.DAO.csproj", "{A2C37AC2-76D9-40F1-86CC-A38520BEF3B2}"
EndProject
Project("{FAE04EC0-301F-11D3-BF4B-00C04F79EFBC}") = "Contato.DAO.Test", "Contato.DAO.Test\Contato.DAO.Test.csproj", "{28615176-2F0E-4FE3-882A-905069A65EB0}"
EndProject
Global
	GlobalSection(SolutionConfigurationPlatforms) = preSolution
		Debug|Any CPU = Debug|Any CPU
		Release|Any CPU = Release|Any CPU
	EndGlobalSection
	GlobalSection(ProjectConfigurationPlatforms) = postSolution
		{C10504EA-570B-4A31-9D2D-DB4316358997}.Debug|Any CPU.ActiveCfg = Debug|Any CPU
		{C10504EA-570B-4A31-9D2D-DB4316358997}.Debug|Any CPU.Build.0 = Debug|Any CPU
		{C10504EA-570B-4A31-9D2D-DB4316358997}.Release|Any CPU.ActiveCfg = Release|Any CPU
		{C10504EA-570B-4A31-9D2D-DB4316358997}.Release|Any CPU.Build.0 = Release|Any CPU
		{A2C37AC2-76D9-40F1-86CC-A38520BEF3B2}.Debug|Any CPU.ActiveCfg = Debug|Any CPU
		{A2C37AC2-76D9-40F1-86CC-A38520BEF3B2}.Debug|Any CPU.Build.0 = Debug|Any CPU
		{A2C37AC2-76D9-40F1-86CC-A38520BEF3B2}.Release|Any CPU.ActiveCfg = Release|Any CPU
		{A2C37AC2-76D9-40F1-86CC-A38520BEF3B2}.Release|Any CPU.Build.0 = Release|Any CPU
		{28615176-2F0E-4FE3-882A-905069A65EB0}.Debug|Any CPU.ActiveCfg = Debug|Any CPU
		{28615176-2F0E-4FE3-882A-905069A65EB0}.Debug|Any CPU.Build.0 = Debug|Any CPU
		{28615176-2F0E-4FE3-882A-905069A65EB0}.Release|Any CPU.ActiveCfg = Release|Any CPU
		{28615176-2F0E-4FE3-882A-905069A65EB0}.Release|Any CPU.Build.0 = Release|Any CPU
	EndGlobalSection
	GlobalSection(SolutionProperties) = preSolution
		HideSolutionNode = FALSE
	EndGlobalSection
	GlobalSection(ExtensibilityGlobals) = postSolution
		SolutionGuid = {E0C24D01-1149-4821-A572-F364ABA31847}
	EndGlobalSection
EndGlobal
