
Microsoft Visual Studio Solution File, Format Version 12.00
# Visual Studio 15
VisualStudioVersion = 15.0.28307.271
MinimumVisualStudioVersion = 10.0.40219.1
Project("{FAE04EC0-301F-11D3-BF4B-00C04F79EFBC}") = "HelloWorld", "CSharp_Study\HelloWorld.csproj", "{DE7DB37B-BAAB-4D41-9BF2-910E5D8A6F2D}"
EndProject
Project("{FAE04EC0-301F-11D3-BF4B-00C04F79EFBC}") = "Loop_Condition", "Loop_Condition\Loop_Condition.csproj", "{B6BB5435-D739-4D21-A4AF-49AADE6CF06E}"
EndProject
Project("{FAE04EC0-301F-11D3-BF4B-00C04F79EFBC}") = "RefObjects", "RefObjects\RefObjects.csproj", "{8E8D82D4-046A-49B0-9CF5-0052A3E0D90C}"
EndProject
Project("{2150E333-8FDC-42A3-9474-1A3956D46DE8}") = "ExerciciosMod3", "ExerciciosMod3", "{EE8B9C2D-C974-416F-81FA-814C1BE8725C}"
EndProject
Project("{FAE04EC0-301F-11D3-BF4B-00C04F79EFBC}") = "ExercMod3Q1", "ExercMod3Q1\ExercMod3Q1.csproj", "{7E56C004-C11F-48B4-A676-BDEB95831089}"
EndProject
Project("{FAE04EC0-301F-11D3-BF4B-00C04F79EFBC}") = "ExercMod3Q2", "ExercMod3Q2\ExercMod3Q2.csproj", "{8572F037-D62B-4CCD-B723-D815078175FE}"
EndProject
Project("{FAE04EC0-301F-11D3-BF4B-00C04F79EFBC}") = "ExercMod3Q3", "ExercMod3Q3\ExercMod3Q3.csproj", "{BA0F9D69-9CBD-45D9-9DFA-3C4C0CDCE8E6}"
EndProject
Project("{FAE04EC0-301F-11D3-BF4B-00C04F79EFBC}") = "ExercMod3Q4", "ExercMod3Q4\ExercMod3Q4.csproj", "{D47DCD5E-EDF8-4752-9A89-387AAED8307E}"
EndProject
Project("{FAE04EC0-301F-11D3-BF4B-00C04F79EFBC}") = "ExercMod3Q5", "ExercMod3Q5\ExercMod3Q5.csproj", "{5D418250-F40E-4DA4-8AC0-C98EDACFA55B}"
EndProject
Project("{FAE04EC0-301F-11D3-BF4B-00C04F79EFBC}") = "ExercMod3Q6", "ExercMod3Q6\ExercMod3Q6.csproj", "{461DEDBD-450E-4C08-8097-A462870E4218}"
EndProject
Project("{2150E333-8FDC-42A3-9474-1A3956D46DE8}") = "ExerciciosMod4", "ExerciciosMod4", "{699A3A63-7A7B-4781-A4EE-C0BEBC08BE1F}"
EndProject
Project("{FAE04EC0-301F-11D3-BF4B-00C04F79EFBC}") = "ExercMod4Q1", "ExercMod4Q1\ExercMod4Q1.csproj", "{98DB5874-11D6-461D-AD51-C8B7E6E4C9AC}"
EndProject
Project("{2150E333-8FDC-42A3-9474-1A3956D46DE8}") = "ExerciciosMod5", "ExerciciosMod5", "{79AF7F73-804A-43E2-AD15-2118EE59B6DE}"
EndProject
Project("{FAE04EC0-301F-11D3-BF4B-00C04F79EFBC}") = "ExercMod5Q1", "ExercMod5Q1\ExercMod5Q1.csproj", "{7914C967-3B9F-4605-8EC6-0157A102A28F}"
EndProject
Project("{FAE04EC0-301F-11D3-BF4B-00C04F79EFBC}") = "ExercMod5Q2", "ExercMod5Q2\ExercMod5Q2.csproj", "{8047853D-3D2F-42D2-A685-56C2887EFDF6}"
EndProject
Global
	GlobalSection(SolutionConfigurationPlatforms) = preSolution
		Debug|Any CPU = Debug|Any CPU
		Release|Any CPU = Release|Any CPU
	EndGlobalSection
	GlobalSection(ProjectConfigurationPlatforms) = postSolution
		{DE7DB37B-BAAB-4D41-9BF2-910E5D8A6F2D}.Debug|Any CPU.ActiveCfg = Debug|Any CPU
		{DE7DB37B-BAAB-4D41-9BF2-910E5D8A6F2D}.Debug|Any CPU.Build.0 = Debug|Any CPU
		{DE7DB37B-BAAB-4D41-9BF2-910E5D8A6F2D}.Release|Any CPU.ActiveCfg = Release|Any CPU
		{DE7DB37B-BAAB-4D41-9BF2-910E5D8A6F2D}.Release|Any CPU.Build.0 = Release|Any CPU
		{B6BB5435-D739-4D21-A4AF-49AADE6CF06E}.Debug|Any CPU.ActiveCfg = Debug|Any CPU
		{B6BB5435-D739-4D21-A4AF-49AADE6CF06E}.Debug|Any CPU.Build.0 = Debug|Any CPU
		{B6BB5435-D739-4D21-A4AF-49AADE6CF06E}.Release|Any CPU.ActiveCfg = Release|Any CPU
		{B6BB5435-D739-4D21-A4AF-49AADE6CF06E}.Release|Any CPU.Build.0 = Release|Any CPU
		{8E8D82D4-046A-49B0-9CF5-0052A3E0D90C}.Debug|Any CPU.ActiveCfg = Debug|Any CPU
		{8E8D82D4-046A-49B0-9CF5-0052A3E0D90C}.Debug|Any CPU.Build.0 = Debug|Any CPU
		{8E8D82D4-046A-49B0-9CF5-0052A3E0D90C}.Release|Any CPU.ActiveCfg = Release|Any CPU
		{8E8D82D4-046A-49B0-9CF5-0052A3E0D90C}.Release|Any CPU.Build.0 = Release|Any CPU
		{7E56C004-C11F-48B4-A676-BDEB95831089}.Debug|Any CPU.ActiveCfg = Debug|Any CPU
		{7E56C004-C11F-48B4-A676-BDEB95831089}.Debug|Any CPU.Build.0 = Debug|Any CPU
		{7E56C004-C11F-48B4-A676-BDEB95831089}.Release|Any CPU.ActiveCfg = Release|Any CPU
		{7E56C004-C11F-48B4-A676-BDEB95831089}.Release|Any CPU.Build.0 = Release|Any CPU
		{8572F037-D62B-4CCD-B723-D815078175FE}.Debug|Any CPU.ActiveCfg = Debug|Any CPU
		{8572F037-D62B-4CCD-B723-D815078175FE}.Debug|Any CPU.Build.0 = Debug|Any CPU
		{8572F037-D62B-4CCD-B723-D815078175FE}.Release|Any CPU.ActiveCfg = Release|Any CPU
		{8572F037-D62B-4CCD-B723-D815078175FE}.Release|Any CPU.Build.0 = Release|Any CPU
		{BA0F9D69-9CBD-45D9-9DFA-3C4C0CDCE8E6}.Debug|Any CPU.ActiveCfg = Debug|Any CPU
		{BA0F9D69-9CBD-45D9-9DFA-3C4C0CDCE8E6}.Debug|Any CPU.Build.0 = Debug|Any CPU
		{BA0F9D69-9CBD-45D9-9DFA-3C4C0CDCE8E6}.Release|Any CPU.ActiveCfg = Release|Any CPU
		{BA0F9D69-9CBD-45D9-9DFA-3C4C0CDCE8E6}.Release|Any CPU.Build.0 = Release|Any CPU
		{D47DCD5E-EDF8-4752-9A89-387AAED8307E}.Debug|Any CPU.ActiveCfg = Debug|Any CPU
		{D47DCD5E-EDF8-4752-9A89-387AAED8307E}.Debug|Any CPU.Build.0 = Debug|Any CPU
		{D47DCD5E-EDF8-4752-9A89-387AAED8307E}.Release|Any CPU.ActiveCfg = Release|Any CPU
		{D47DCD5E-EDF8-4752-9A89-387AAED8307E}.Release|Any CPU.Build.0 = Release|Any CPU
		{5D418250-F40E-4DA4-8AC0-C98EDACFA55B}.Debug|Any CPU.ActiveCfg = Debug|Any CPU
		{5D418250-F40E-4DA4-8AC0-C98EDACFA55B}.Debug|Any CPU.Build.0 = Debug|Any CPU
		{5D418250-F40E-4DA4-8AC0-C98EDACFA55B}.Release|Any CPU.ActiveCfg = Release|Any CPU
		{5D418250-F40E-4DA4-8AC0-C98EDACFA55B}.Release|Any CPU.Build.0 = Release|Any CPU
		{461DEDBD-450E-4C08-8097-A462870E4218}.Debug|Any CPU.ActiveCfg = Debug|Any CPU
		{461DEDBD-450E-4C08-8097-A462870E4218}.Debug|Any CPU.Build.0 = Debug|Any CPU
		{461DEDBD-450E-4C08-8097-A462870E4218}.Release|Any CPU.ActiveCfg = Release|Any CPU
		{461DEDBD-450E-4C08-8097-A462870E4218}.Release|Any CPU.Build.0 = Release|Any CPU
		{98DB5874-11D6-461D-AD51-C8B7E6E4C9AC}.Debug|Any CPU.ActiveCfg = Debug|Any CPU
		{98DB5874-11D6-461D-AD51-C8B7E6E4C9AC}.Debug|Any CPU.Build.0 = Debug|Any CPU
		{98DB5874-11D6-461D-AD51-C8B7E6E4C9AC}.Release|Any CPU.ActiveCfg = Release|Any CPU
		{98DB5874-11D6-461D-AD51-C8B7E6E4C9AC}.Release|Any CPU.Build.0 = Release|Any CPU
		{7914C967-3B9F-4605-8EC6-0157A102A28F}.Debug|Any CPU.ActiveCfg = Debug|Any CPU
		{7914C967-3B9F-4605-8EC6-0157A102A28F}.Debug|Any CPU.Build.0 = Debug|Any CPU
		{7914C967-3B9F-4605-8EC6-0157A102A28F}.Release|Any CPU.ActiveCfg = Release|Any CPU
		{7914C967-3B9F-4605-8EC6-0157A102A28F}.Release|Any CPU.Build.0 = Release|Any CPU
		{8047853D-3D2F-42D2-A685-56C2887EFDF6}.Debug|Any CPU.ActiveCfg = Debug|Any CPU
		{8047853D-3D2F-42D2-A685-56C2887EFDF6}.Debug|Any CPU.Build.0 = Debug|Any CPU
		{8047853D-3D2F-42D2-A685-56C2887EFDF6}.Release|Any CPU.ActiveCfg = Release|Any CPU
		{8047853D-3D2F-42D2-A685-56C2887EFDF6}.Release|Any CPU.Build.0 = Release|Any CPU
	EndGlobalSection
	GlobalSection(SolutionProperties) = preSolution
		HideSolutionNode = FALSE
	EndGlobalSection
	GlobalSection(NestedProjects) = preSolution
		{7E56C004-C11F-48B4-A676-BDEB95831089} = {EE8B9C2D-C974-416F-81FA-814C1BE8725C}
		{8572F037-D62B-4CCD-B723-D815078175FE} = {EE8B9C2D-C974-416F-81FA-814C1BE8725C}
		{BA0F9D69-9CBD-45D9-9DFA-3C4C0CDCE8E6} = {EE8B9C2D-C974-416F-81FA-814C1BE8725C}
		{D47DCD5E-EDF8-4752-9A89-387AAED8307E} = {EE8B9C2D-C974-416F-81FA-814C1BE8725C}
		{5D418250-F40E-4DA4-8AC0-C98EDACFA55B} = {EE8B9C2D-C974-416F-81FA-814C1BE8725C}
		{461DEDBD-450E-4C08-8097-A462870E4218} = {EE8B9C2D-C974-416F-81FA-814C1BE8725C}
		{98DB5874-11D6-461D-AD51-C8B7E6E4C9AC} = {699A3A63-7A7B-4781-A4EE-C0BEBC08BE1F}
		{7914C967-3B9F-4605-8EC6-0157A102A28F} = {79AF7F73-804A-43E2-AD15-2118EE59B6DE}
		{8047853D-3D2F-42D2-A685-56C2887EFDF6} = {79AF7F73-804A-43E2-AD15-2118EE59B6DE}
	EndGlobalSection
	GlobalSection(ExtensibilityGlobals) = postSolution
		SolutionGuid = {4DC9EC3B-A5F8-41CB-9CD2-C86A583698E6}
	EndGlobalSection
EndGlobal
