
Microsoft Visual Studio Solution File, Format Version 12.00
# Visual Studio 15
VisualStudioVersion = 15.0.28307.271
MinimumVisualStudioVersion = 10.0.40219.1
Project("{FAE04EC0-301F-11D3-BF4B-00C04F79EFBC}") = "HelloWorld", "CSharp_Study\HelloWorld.csproj", "{DE7DB37B-BAAB-4D41-9BF2-910E5D8A6F2D}"
EndProject
Global
	GlobalSection(SolutionConfigurationPlatforms) = preSolution
		Debug|Any CPU = Debug|Any CPU
		Release|Any CPU = Release|Any CPU
	EndGlobalSection
	GlobalSection(ProjectConfigurationPlatforms) = postSolution
		{DE7DB37B-BAAB-4D41-9BF2-910E5D8A6F2D}.Debug|Any CPU.ActiveCfg = Debug|Any CPU
		{DE7DB37B-BAAB-4D41-9BF2-910E5D8A6F2D}.Debug|Any CPU.Build.0 = Debug|Any CPU
		{DE7DB37B-BAAB-4D41-9BF2-910E5D8A6F2D}.Release|Any CPU.ActiveCfg = Release|Any CPU
		{DE7DB37B-BAAB-4D41-9BF2-910E5D8A6F2D}.Release|Any CPU.Build.0 = Release|Any CPU
	EndGlobalSection
	GlobalSection(SolutionProperties) = preSolution
		HideSolutionNode = FALSE
	EndGlobalSection
	GlobalSection(ExtensibilityGlobals) = postSolution
		SolutionGuid = {4DC9EC3B-A5F8-41CB-9CD2-C86A583698E6}
	EndGlobalSection
EndGlobal
