
Microsoft Visual Studio Solution File, Format Version 12.00
# Visual Studio Version 17
VisualStudioVersion = 17.5.33424.131
MinimumVisualStudioVersion = 10.0.40219.1
Project("{FAE04EC0-301F-11D3-BF4B-00C04F79EFBC}") = "CodeFirstFramework", "CodeFirstFramework\CodeFirstFramework.csproj", "{98A9F9F2-04E2-46BE-ADCC-0C7A7A67D4EA}"
EndProject
Global
	GlobalSection(SolutionConfigurationPlatforms) = preSolution
		Debug|Any CPU = Debug|Any CPU
		Release|Any CPU = Release|Any CPU
	EndGlobalSection
	GlobalSection(ProjectConfigurationPlatforms) = postSolution
		{98A9F9F2-04E2-46BE-ADCC-0C7A7A67D4EA}.Debug|Any CPU.ActiveCfg = Debug|Any CPU
		{98A9F9F2-04E2-46BE-ADCC-0C7A7A67D4EA}.Debug|Any CPU.Build.0 = Debug|Any CPU
		{98A9F9F2-04E2-46BE-ADCC-0C7A7A67D4EA}.Release|Any CPU.ActiveCfg = Release|Any CPU
		{98A9F9F2-04E2-46BE-ADCC-0C7A7A67D4EA}.Release|Any CPU.Build.0 = Release|Any CPU
	EndGlobalSection
	GlobalSection(SolutionProperties) = preSolution
		HideSolutionNode = FALSE
	EndGlobalSection
	GlobalSection(ExtensibilityGlobals) = postSolution
		SolutionGuid = {638F31ED-695D-49EB-BA1B-F263838EB2CD}
	EndGlobalSection
EndGlobal
