
Microsoft Visual Studio Solution File, Format Version 12.00
Project("{FAE04EC0-301F-11D3-BF4B-00C04F79EFBC}") = "CalculadoraDigital", "CalculadoraDigital\CalculadoraDigital.csproj", "{7559E733-9B47-47BC-A8CC-2AD745D6054D}"
EndProject
Project("{FAE04EC0-301F-11D3-BF4B-00C04F79EFBC}") = "CalculadoraDigitalTest", "CalculadoraDigitalTest\CalculadoraDigitalTest.csproj", "{8085AF42-B4EE-4992-873F-382D94453A39}"
EndProject
Global
	GlobalSection(SolutionConfigurationPlatforms) = preSolution
		Debug|Any CPU = Debug|Any CPU
		Release|Any CPU = Release|Any CPU
	EndGlobalSection
	GlobalSection(ProjectConfigurationPlatforms) = postSolution
		{7559E733-9B47-47BC-A8CC-2AD745D6054D}.Debug|Any CPU.ActiveCfg = Debug|Any CPU
		{7559E733-9B47-47BC-A8CC-2AD745D6054D}.Debug|Any CPU.Build.0 = Debug|Any CPU
		{7559E733-9B47-47BC-A8CC-2AD745D6054D}.Release|Any CPU.ActiveCfg = Release|Any CPU
		{7559E733-9B47-47BC-A8CC-2AD745D6054D}.Release|Any CPU.Build.0 = Release|Any CPU
		{8085AF42-B4EE-4992-873F-382D94453A39}.Debug|Any CPU.ActiveCfg = Debug|Any CPU
		{8085AF42-B4EE-4992-873F-382D94453A39}.Debug|Any CPU.Build.0 = Debug|Any CPU
		{8085AF42-B4EE-4992-873F-382D94453A39}.Release|Any CPU.ActiveCfg = Release|Any CPU
		{8085AF42-B4EE-4992-873F-382D94453A39}.Release|Any CPU.Build.0 = Release|Any CPU
	EndGlobalSection
EndGlobal
